# This file is automatically @generated by Cargo.
# It is not intended for manual editing.
version = 3

[[package]]
name = "bumpalo"
version = "3.6.0"
source = "registry+https://github.com/rust-lang/crates.io-index"
checksum = "099e596ef14349721d9016f6b80dd3419ea1bf289ab9b44df8e4dfd3a005d5d9"

[[package]]
name = "cfg-if"
version = "1.0.0"
source = "registry+https://github.com/rust-lang/crates.io-index"
checksum = "baf1de4339761588bc0619e3cbc0120ee582ebb74b53b4efbf79117bd2da40fd"

[[package]]
name = "lazy_static"
version = "1.4.0"
source = "registry+https://github.com/rust-lang/crates.io-index"
checksum = "e2abad23fbc42b3700f2f279844dc832adb2b2eb069b2df918f455c4e18cc646"

[[package]]
name = "log"
version = "0.4.14"
source = "registry+https://github.com/rust-lang/crates.io-index"
checksum = "51b9bbe6c47d51fc3e1a9b945965946b4c44142ab8792c50835a980d362c2710"
dependencies = [
 "cfg-if",
]

[[package]]
name = "proc-macro2"
version = "1.0.29"
source = "registry+https://github.com/rust-lang/crates.io-index"
checksum = "b9f5105d4fdaab20335ca9565e106a5d9b82b6219b5ba735731124ac6711d23d"
dependencies = [
 "unicode-xid",
]

[[package]]
name = "quote"
version = "1.0.8"
source = "registry+https://github.com/rust-lang/crates.io-index"
checksum = "991431c3519a3f36861882da93630ce66b52918dcf1b8e2fd66b397fc96f28df"
dependencies = [
 "proc-macro2",
]

[[package]]
name = "syn"
version = "1.0.75"
source = "registry+https://github.com/rust-lang/crates.io-index"
checksum = "b7f58f7e8eaa0009c5fec437aabf511bd9933e4b2d7407bd05273c01a8906ea7"
dependencies = [
 "proc-macro2",
 "quote",
 "unicode-xid",
]

[[package]]
name = "unicode-xid"
version = "0.2.1"
source = "registry+https://github.com/rust-lang/crates.io-index"
checksum = "f7fe0bb3479651439c9112f72b6c505038574c9fbb575ed1bf3b797fa39dd564"

[[package]]
name = "wasm-bindgen"
version = "0.2.76"
source = "registry+https://github.com/rust-lang/crates.io-index"
checksum = "8ce9b1b516211d33767048e5d47fa2a381ed8b76fc48d2ce4aa39877f9f183e0"
dependencies = [
 "cfg-if",
 "wasm-bindgen-macro",
]

[[package]]
name = "wasm-bindgen-backend"
version = "0.2.76"
source = "registry+https://github.com/rust-lang/crates.io-index"
checksum = "cfe8dc78e2326ba5f845f4b5bf548401604fa20b1dd1d365fb73b6c1d6364041"
dependencies = [
 "bumpalo",
 "lazy_static",
 "log",
 "proc-macro2",
 "quote",
 "syn",
 "wasm-bindgen-shared",
]

[[package]]
name = "wasm-bindgen-macro"
version = "0.2.76"
source = "registry+https://github.com/rust-lang/crates.io-index"
checksum = "44468aa53335841d9d6b6c023eaab07c0cd4bddbcfdee3e2bb1e8d2cb8069fef"
dependencies = [
 "quote",
 "wasm-bindgen-macro-support",
]

[[package]]
name = "wasm-bindgen-macro-support"
version = "0.2.76"
source = "registry+https://github.com/rust-lang/crates.io-index"
checksum = "0195807922713af1e67dc66132c7328206ed9766af3858164fb583eedc25fbad"
dependencies = [
 "proc-macro2",
 "quote",
 "syn",
 "wasm-bindgen-backend",
 "wasm-bindgen-shared",
]

[[package]]
name = "wasm-bindgen-shared"
version = "0.2.76"
source = "registry+https://github.com/rust-lang/crates.io-index"
checksum = "acdb075a845574a1fa5f09fd77e43f7747599301ea3417a9fbffdeedfc1f4a29"

[[package]]
name = "wasm-rs"
version = "0.1.0"
dependencies = [
 "wasm-bindgen",
]
